
Microsoft Visual Studio Solution File, Format Version 12.00
# Visual Studio Version 17
VisualStudioVersion = 17.2.32630.192
MinimumVisualStudioVersion = 10.0.40219.1
Project("{9A19103F-16F7-4668-BE54-9A1E7A4F7556}") = "SimpleCPUStressTest", "SimpleCPUStressTest\SimpleCPUStressTest.csproj", "{EE2E6CDE-9BBC-4020-AAED-80A9BA60D5F1}"
EndProject
Project("{9A19103F-16F7-4668-BE54-9A1E7A4F7556}") = "SimpleCPUStressTestUI", "SimpleCPUStressTestWPF-UI\SimpleCPUStressTestUI.csproj", "{4A695E40-6191-4778-A997-46FA5D47A7CA}"
EndProject
Project("{FAE04EC0-301F-11D3-BF4B-00C04F79EFBC}") = "CPUStressTestUniversal", "CPUStressTestUniversal\CPUStressTestUniversal.csproj", "{A710BC57-EADD-4034-9685-2E92A12D1072}"
EndProject
Global
	GlobalSection(SolutionConfigurationPlatforms) = preSolution
		Debug|Any CPU = Debug|Any CPU
		Debug|ARM = Debug|ARM
		Debug|ARM64 = Debug|ARM64
		Debug|x64 = Debug|x64
		Debug|x86 = Debug|x86
		Release|Any CPU = Release|Any CPU
		Release|ARM = Release|ARM
		Release|ARM64 = Release|ARM64
		Release|x64 = Release|x64
		Release|x86 = Release|x86
	EndGlobalSection
	GlobalSection(ProjectConfigurationPlatforms) = postSolution
		{EE2E6CDE-9BBC-4020-AAED-80A9BA60D5F1}.Debug|Any CPU.ActiveCfg = Debug|Any CPU
		{EE2E6CDE-9BBC-4020-AAED-80A9BA60D5F1}.Debug|Any CPU.Build.0 = Debug|Any CPU
		{EE2E6CDE-9BBC-4020-AAED-80A9BA60D5F1}.Debug|ARM.ActiveCfg = Debug|Any CPU
		{EE2E6CDE-9BBC-4020-AAED-80A9BA60D5F1}.Debug|ARM.Build.0 = Debug|Any CPU
		{EE2E6CDE-9BBC-4020-AAED-80A9BA60D5F1}.Debug|ARM64.ActiveCfg = Debug|Any CPU
		{EE2E6CDE-9BBC-4020-AAED-80A9BA60D5F1}.Debug|ARM64.Build.0 = Debug|Any CPU
		{EE2E6CDE-9BBC-4020-AAED-80A9BA60D5F1}.Debug|x64.ActiveCfg = Debug|Any CPU
		{EE2E6CDE-9BBC-4020-AAED-80A9BA60D5F1}.Debug|x64.Build.0 = Debug|Any CPU
		{EE2E6CDE-9BBC-4020-AAED-80A9BA60D5F1}.Debug|x86.ActiveCfg = Debug|Any CPU
		{EE2E6CDE-9BBC-4020-AAED-80A9BA60D5F1}.Debug|x86.Build.0 = Debug|Any CPU
		{EE2E6CDE-9BBC-4020-AAED-80A9BA60D5F1}.Release|Any CPU.ActiveCfg = Release|Any CPU
		{EE2E6CDE-9BBC-4020-AAED-80A9BA60D5F1}.Release|Any CPU.Build.0 = Release|Any CPU
		{EE2E6CDE-9BBC-4020-AAED-80A9BA60D5F1}.Release|ARM.ActiveCfg = Release|Any CPU
		{EE2E6CDE-9BBC-4020-AAED-80A9BA60D5F1}.Release|ARM.Build.0 = Release|Any CPU
		{EE2E6CDE-9BBC-4020-AAED-80A9BA60D5F1}.Release|ARM64.ActiveCfg = Release|Any CPU
		{EE2E6CDE-9BBC-4020-AAED-80A9BA60D5F1}.Release|ARM64.Build.0 = Release|Any CPU
		{EE2E6CDE-9BBC-4020-AAED-80A9BA60D5F1}.Release|x64.ActiveCfg = Release|Any CPU
		{EE2E6CDE-9BBC-4020-AAED-80A9BA60D5F1}.Release|x64.Build.0 = Release|Any CPU
		{EE2E6CDE-9BBC-4020-AAED-80A9BA60D5F1}.Release|x86.ActiveCfg = Release|Any CPU
		{EE2E6CDE-9BBC-4020-AAED-80A9BA60D5F1}.Release|x86.Build.0 = Release|Any CPU
		{4A695E40-6191-4778-A997-46FA5D47A7CA}.Debug|Any CPU.ActiveCfg = Debug|Any CPU
		{4A695E40-6191-4778-A997-46FA5D47A7CA}.Debug|Any CPU.Build.0 = Debug|Any CPU
		{4A695E40-6191-4778-A997-46FA5D47A7CA}.Debug|ARM.ActiveCfg = Debug|Any CPU
		{4A695E40-6191-4778-A997-46FA5D47A7CA}.Debug|ARM.Build.0 = Debug|Any CPU
		{4A695E40-6191-4778-A997-46FA5D47A7CA}.Debug|ARM64.ActiveCfg = Debug|Any CPU
		{4A695E40-6191-4778-A997-46FA5D47A7CA}.Debug|ARM64.Build.0 = Debug|Any CPU
		{4A695E40-6191-4778-A997-46FA5D47A7CA}.Debug|x64.ActiveCfg = Debug|Any CPU
		{4A695E40-6191-4778-A997-46FA5D47A7CA}.Debug|x64.Build.0 = Debug|Any CPU
		{4A695E40-6191-4778-A997-46FA5D47A7CA}.Debug|x86.ActiveCfg = Debug|Any CPU
		{4A695E40-6191-4778-A997-46FA5D47A7CA}.Debug|x86.Build.0 = Debug|Any CPU
		{4A695E40-6191-4778-A997-46FA5D47A7CA}.Release|Any CPU.ActiveCfg = Release|Any CPU
		{4A695E40-6191-4778-A997-46FA5D47A7CA}.Release|Any CPU.Build.0 = Release|Any CPU
		{4A695E40-6191-4778-A997-46FA5D47A7CA}.Release|ARM.ActiveCfg = Release|Any CPU
		{4A695E40-6191-4778-A997-46FA5D47A7CA}.Release|ARM.Build.0 = Release|Any CPU
		{4A695E40-6191-4778-A997-46FA5D47A7CA}.Release|ARM64.ActiveCfg = Release|Any CPU
		{4A695E40-6191-4778-A997-46FA5D47A7CA}.Release|ARM64.Build.0 = Release|Any CPU
		{4A695E40-6191-4778-A997-46FA5D47A7CA}.Release|x64.ActiveCfg = Release|Any CPU
		{4A695E40-6191-4778-A997-46FA5D47A7CA}.Release|x64.Build.0 = Release|Any CPU
		{4A695E40-6191-4778-A997-46FA5D47A7CA}.Release|x86.ActiveCfg = Release|Any CPU
		{4A695E40-6191-4778-A997-46FA5D47A7CA}.Release|x86.Build.0 = Release|Any CPU
		{A710BC57-EADD-4034-9685-2E92A12D1072}.Debug|Any CPU.ActiveCfg = Debug|x64
		{A710BC57-EADD-4034-9685-2E92A12D1072}.Debug|Any CPU.Build.0 = Debug|x64
		{A710BC57-EADD-4034-9685-2E92A12D1072}.Debug|Any CPU.Deploy.0 = Debug|x64
		{A710BC57-EADD-4034-9685-2E92A12D1072}.Debug|ARM.ActiveCfg = Debug|ARM
		{A710BC57-EADD-4034-9685-2E92A12D1072}.Debug|ARM.Build.0 = Debug|ARM
		{A710BC57-EADD-4034-9685-2E92A12D1072}.Debug|ARM.Deploy.0 = Debug|ARM
		{A710BC57-EADD-4034-9685-2E92A12D1072}.Debug|ARM64.ActiveCfg = Debug|ARM64
		{A710BC57-EADD-4034-9685-2E92A12D1072}.Debug|ARM64.Build.0 = Debug|ARM64
		{A710BC57-EADD-4034-9685-2E92A12D1072}.Debug|ARM64.Deploy.0 = Debug|ARM64
		{A710BC57-EADD-4034-9685-2E92A12D1072}.Debug|x64.ActiveCfg = Debug|x64
		{A710BC57-EADD-4034-9685-2E92A12D1072}.Debug|x64.Build.0 = Debug|x64
		{A710BC57-EADD-4034-9685-2E92A12D1072}.Debug|x64.Deploy.0 = Debug|x64
		{A710BC57-EADD-4034-9685-2E92A12D1072}.Debug|x86.ActiveCfg = Debug|x86
		{A710BC57-EADD-4034-9685-2E92A12D1072}.Debug|x86.Build.0 = Debug|x86
		{A710BC57-EADD-4034-9685-2E92A12D1072}.Debug|x86.Deploy.0 = Debug|x86
		{A710BC57-EADD-4034-9685-2E92A12D1072}.Release|Any CPU.ActiveCfg = Release|x64
		{A710BC57-EADD-4034-9685-2E92A12D1072}.Release|Any CPU.Build.0 = Release|x64
		{A710BC57-EADD-4034-9685-2E92A12D1072}.Release|Any CPU.Deploy.0 = Release|x64
		{A710BC57-EADD-4034-9685-2E92A12D1072}.Release|ARM.ActiveCfg = Release|ARM
		{A710BC57-EADD-4034-9685-2E92A12D1072}.Release|ARM.Build.0 = Release|ARM
		{A710BC57-EADD-4034-9685-2E92A12D1072}.Release|ARM.Deploy.0 = Release|ARM
		{A710BC57-EADD-4034-9685-2E92A12D1072}.Release|ARM64.ActiveCfg = Release|ARM64
		{A710BC57-EADD-4034-9685-2E92A12D1072}.Release|ARM64.Build.0 = Release|ARM64
		{A710BC57-EADD-4034-9685-2E92A12D1072}.Release|ARM64.Deploy.0 = Release|ARM64
		{A710BC57-EADD-4034-9685-2E92A12D1072}.Release|x64.ActiveCfg = Release|x64
		{A710BC57-EADD-4034-9685-2E92A12D1072}.Release|x64.Build.0 = Release|x64
		{A710BC57-EADD-4034-9685-2E92A12D1072}.Release|x64.Deploy.0 = Release|x64
		{A710BC57-EADD-4034-9685-2E92A12D1072}.Release|x86.ActiveCfg = Release|x86
		{A710BC57-EADD-4034-9685-2E92A12D1072}.Release|x86.Build.0 = Release|x86
		{A710BC57-EADD-4034-9685-2E92A12D1072}.Release|x86.Deploy.0 = Release|x86
	EndGlobalSection
	GlobalSection(SolutionProperties) = preSolution
		HideSolutionNode = FALSE
	EndGlobalSection
	GlobalSection(ExtensibilityGlobals) = postSolution
		SolutionGuid = {A4BAB19A-770B-42A3-898B-2D90A1A9C07E}
	EndGlobalSection
EndGlobal
